
Microsoft Visual Studio Solution File, Format Version 11.00
# Visual Studio Version 16

Project("{8BC9CEB8-8B4A-11D0-8D11-00A0C91BC942}") = "PangUni - App", "PangUni_App.vcxproj", "{192CA842-02E2-8761-9DA9-1E83AAB3E238}"
EndProject
Global
	GlobalSection(SolutionConfigurationPlatforms) = preSolution
		Debug|x64 = Debug|x64
		Release|x64 = Release|x64
	EndGlobalSection
	GlobalSection(ProjectConfigurationPlatforms) = postSolution
		{192CA842-02E2-8761-9DA9-1E83AAB3E238}.Debug|x64.ActiveCfg = Debug|x64
		{192CA842-02E2-8761-9DA9-1E83AAB3E238}.Debug|x64.Build.0 = Debug|x64
		{192CA842-02E2-8761-9DA9-1E83AAB3E238}.Release|x64.ActiveCfg = Release|x64
		{192CA842-02E2-8761-9DA9-1E83AAB3E238}.Release|x64.Build.0 = Release|x64
	EndGlobalSection
	GlobalSection(SolutionProperties) = preSolution
		HideSolutionNode = FALSE
	EndGlobalSection
EndGlobal
