// !$*UTF8*$!
{
	archiveVersion = 1;
	classes = {
	};
	objectVersion = 46;
	objects = {

/* Begin PBXBuildFile section */
		15D072D66D3F0D0312A1B1BE /* CoreAudio.framework */ = {isa = PBXBuildFile; fileRef = 578EC7690F38B8463D2ABDA7; };
		16971827DA06E4BBEE7A8F19 /* CoreAudioKit.framework */ = {isa = PBXBuildFile; fileRef = E618DF57EC084D1FF7684F77; };
		1D64200010F96BD72EB199DB /* WavAudioFormatPangEx.cpp */ = {isa = PBXBuildFile; fileRef = ED464332684E45B6B448433C; };
		3284AD67063FBCC0DF663CF5 /* Main.cpp */ = {isa = PBXBuildFile; fileRef = B65C876AC96228E5ECFE69EB; };
		38C7172CEE85117A6A000889 /* include_juce_events.mm */ = {isa = PBXBuildFile; fileRef = CF21EE09C333C8212A8432B0; };
		3ABD75D4057E718FE2563820 /* QuartzCore.framework */ = {isa = PBXBuildFile; fileRef = EA02DEF6B608ADDA1B494699; };
		3E7E890E530A1C16EE06DF84 /* include_juce_data_structures.mm */ = {isa = PBXBuildFile; fileRef = 31351B49C8391C74BF19361C; };
		6A24864978C0DD20F92B6FF9 /* DiscRecording.framework */ = {isa = PBXBuildFile; fileRef = 4F82EBCC9DEF03E571A62E72; };
		7201D54F0F2E28ED3509A2B2 /* include_juce_gui_basics.mm */ = {isa = PBXBuildFile; fileRef = C0D50EBB943F6DD57B7A9FA5; };
		73E4385A33183F6E6F215D5C /* include_juce_gui_extra.mm */ = {isa = PBXBuildFile; fileRef = 6339AB3EAC9F77C731108FBE; };
		879F5237D9944167B8C08D83 /* RecentFilesMenuTemplate.nib */ = {isa = PBXBuildFile; fileRef = 475C6B603246F3D3AB0B68C6; };
		8AC196E81B5081E1FF14AD9E /* Foundation.framework */ = {isa = PBXBuildFile; fileRef = 3A84A6CFCF0E88D48DFC0AA1; };
		8DA39493A10BD0BBD4EDEC07 /* include_juce_audio_devices.mm */ = {isa = PBXBuildFile; fileRef = 3E0561F2030C433EFEE93ADA; };
		964D493F83C05A11EA9570A9 /* include_juce_audio_utils.mm */ = {isa = PBXBuildFile; fileRef = 9CB0BCFF06CA02E6142C8C93; };
		967FA8D250A40B09895F350F /* MainComponent.cpp */ = {isa = PBXBuildFile; fileRef = E0BF681F754717C0608A64FA; };
		9D35A7544A4A13AD0F957049 /* include_juce_graphics.mm */ = {isa = PBXBuildFile; fileRef = 73185044CF42D82FB38B553B; };
		A18CCF7F40E4F79563B6F0BD /* IOKit.framework */ = {isa = PBXBuildFile; fileRef = 5E889EEC792D2E64DBCBA2C7; };
		C34F2C7C5399680A731CF100 /* Cocoa.framework */ = {isa = PBXBuildFile; fileRef = 3F0EA9D1FFF6BAC4FF34672A; };
		C400746996069A33ACDA3BC8 /* include_juce_core.mm */ = {isa = PBXBuildFile; fileRef = 2B6E9A9011E2F83C1F0340AC; };
		CC55F341FCF98A813A6BDD5C /* App */ = {isa = PBXBuildFile; fileRef = 6C37C57794DC2D66B7147CC1; };
		D47F14F686A4413328540440 /* Accelerate.framework */ = {isa = PBXBuildFile; fileRef = DEFDB22DC60D1A6D12995BC8; };
		D7F62E3ABC61DFF26B1A89BC /* AudioToolbox.framework */ = {isa = PBXBuildFile; fileRef = 8C0E49AEC69D219766A74482; };
		DC75FA6744AB3045C0794576 /* WebKit.framework */ = {isa = PBXBuildFile; fileRef = 24EB8B7EEFF76F7566BAD4E1; };
		E13976A0051D90D4063D9B1B /* CoreMIDI.framework */ = {isa = PBXBuildFile; fileRef = D07597C0A692B09FD1371A13; };
		E7AE3E21A6550E0C724464AE /* include_juce_audio_basics.mm */ = {isa = PBXBuildFile; fileRef = C430830D3F71A254E1A512D4; };
		EC970DB397371C732EDFA7F9 /* include_juce_audio_processors.mm */ = {isa = PBXBuildFile; fileRef = 215EE0531FA7F6D37B663534; };
		F3B3A857B445FC93C0F39BA6 /* include_juce_audio_formats.mm */ = {isa = PBXBuildFile; fileRef = 729A67D783AE6CD68B59AE5D; };
		FA2A44545386258DF48EF612 /* Carbon.framework */ = {isa = PBXBuildFile; fileRef = FFCF54248399C2FC3A9169F8; };
/* End PBXBuildFile section */

/* Begin PBXFileReference section */
		07AC83D91008FAF55B54AA0B /* JuceHeader.h */ /* JuceHeader.h */ = {isa = PBXFileReference; lastKnownFileType = sourcecode.c.h; name = JuceHeader.h; path = ../../JuceLibraryCode/JuceHeader.h; sourceTree = SOURCE_ROOT; };
		09AA1CCE881CA9A42B50E9A2 /* juce_audio_formats */ /* juce_audio_formats */ = {isa = PBXFileReference; lastKnownFileType = folder; name = juce_audio_formats; path = "~/JUCE/modules/juce_audio_formats"; sourceTree = "<absolute>"; };
		0B54632A3DEDADCAA18F979D /* juce_graphics */ /* juce_graphics */ = {isa = PBXFileReference; lastKnownFileType = folder; name = juce_graphics; path = "~/JUCE/modules/juce_graphics"; sourceTree = "<absolute>"; };
		215EE0531FA7F6D37B663534 /* include_juce_audio_processors.mm */ /* include_juce_audio_processors.mm */ = {isa = PBXFileReference; lastKnownFileType = sourcecode.cpp.objcpp; name = include_juce_audio_processors.mm; path = ../../JuceLibraryCode/include_juce_audio_processors.mm; sourceTree = SOURCE_ROOT; };
		24EB8B7EEFF76F7566BAD4E1 /* WebKit.framework */ /* WebKit.framework */ = {isa = PBXFileReference; lastKnownFileType = wrapper.framework; name = WebKit.framework; path = System/Library/Frameworks/WebKit.framework; sourceTree = SDKROOT; };
		2B6E9A9011E2F83C1F0340AC /* include_juce_core.mm */ /* include_juce_core.mm */ = {isa = PBXFileReference; lastKnownFileType = sourcecode.cpp.objcpp; name = include_juce_core.mm; path = ../../JuceLibraryCode/include_juce_core.mm; sourceTree = SOURCE_ROOT; };
		31351B49C8391C74BF19361C /* include_juce_data_structures.mm */ /* include_juce_data_structures.mm */ = {isa = PBXFileReference; lastKnownFileType = sourcecode.cpp.objcpp; name = include_juce_data_structures.mm; path = ../../JuceLibraryCode/include_juce_data_structures.mm; sourceTree = SOURCE_ROOT; };
		338B45BF4ADB9E0405D3AA98 /* juce_gui_extra */ /* juce_gui_extra */ = {isa = PBXFileReference; lastKnownFileType = folder; name = juce_gui_extra; path = "~/JUCE/modules/juce_gui_extra"; sourceTree = "<absolute>"; };
		38DD2084DDDCF6CC7323E20D /* WavAudioFormatPangEx.h */ /* WavAudioFormatPangEx.h */ = {isa = PBXFileReference; lastKnownFileType = sourcecode.c.h; name = WavAudioFormatPangEx.h; path = ../../Source/WavAudioFormatPangEx.h; sourceTree = SOURCE_ROOT; };
		3A84A6CFCF0E88D48DFC0AA1 /* Foundation.framework */ /* Foundation.framework */ = {isa = PBXFileReference; lastKnownFileType = wrapper.framework; name = Foundation.framework; path = System/Library/Frameworks/Foundation.framework; sourceTree = SDKROOT; };
		3B73E4F6A9931D9B78129691 /* juce_events */ /* juce_events */ = {isa = PBXFileReference; lastKnownFileType = folder; name = juce_events; path = "~/JUCE/modules/juce_events"; sourceTree = "<absolute>"; };
		3E0561F2030C433EFEE93ADA /* include_juce_audio_devices.mm */ /* include_juce_audio_devices.mm */ = {isa = PBXFileReference; lastKnownFileType = sourcecode.cpp.objcpp; name = include_juce_audio_devices.mm; path = ../../JuceLibraryCode/include_juce_audio_devices.mm; sourceTree = SOURCE_ROOT; };
		3F0EA9D1FFF6BAC4FF34672A /* Cocoa.framework */ /* Cocoa.framework */ = {isa = PBXFileReference; lastKnownFileType = wrapper.framework; name = Cocoa.framework; path = System/Library/Frameworks/Cocoa.framework; sourceTree = SDKROOT; };
		475C6B603246F3D3AB0B68C6 /* RecentFilesMenuTemplate.nib */ /* RecentFilesMenuTemplate.nib */ = {isa = PBXFileReference; lastKnownFileType = file.nib; name = RecentFilesMenuTemplate.nib; path = RecentFilesMenuTemplate.nib; sourceTree = SOURCE_ROOT; };
		4F82EBCC9DEF03E571A62E72 /* DiscRecording.framework */ /* DiscRecording.framework */ = {isa = PBXFileReference; lastKnownFileType = wrapper.framework; name = DiscRecording.framework; path = System/Library/Frameworks/DiscRecording.framework; sourceTree = SDKROOT; };
		578EC7690F38B8463D2ABDA7 /* CoreAudio.framework */ /* CoreAudio.framework */ = {isa = PBXFileReference; lastKnownFileType = wrapper.framework; name = CoreAudio.framework; path = System/Library/Frameworks/CoreAudio.framework; sourceTree = SDKROOT; };
		59BD07FAAB08883F90B3E698 /* Info-App.plist */ /* Info-App.plist */ = {isa = PBXFileReference; lastKnownFileType = text.plist.xml; name = "Info-App.plist"; path = "Info-App.plist"; sourceTree = SOURCE_ROOT; };
		5E889EEC792D2E64DBCBA2C7 /* IOKit.framework */ /* IOKit.framework */ = {isa = PBXFileReference; lastKnownFileType = wrapper.framework; name = IOKit.framework; path = System/Library/Frameworks/IOKit.framework; sourceTree = SDKROOT; };
		5EAFF6F7C40E9EF710BEF4C5 /* juce_data_structures */ /* juce_data_structures */ = {isa = PBXFileReference; lastKnownFileType = folder; name = juce_data_structures; path = "~/JUCE/modules/juce_data_structures"; sourceTree = "<absolute>"; };
		5EC37B1BB07411BE6EB86089 /* juce_audio_basics */ /* juce_audio_basics */ = {isa = PBXFileReference; lastKnownFileType = folder; name = juce_audio_basics; path = "~/JUCE/modules/juce_audio_basics"; sourceTree = "<absolute>"; };
		6339AB3EAC9F77C731108FBE /* include_juce_gui_extra.mm */ /* include_juce_gui_extra.mm */ = {isa = PBXFileReference; lastKnownFileType = sourcecode.cpp.objcpp; name = include_juce_gui_extra.mm; path = ../../JuceLibraryCode/include_juce_gui_extra.mm; sourceTree = SOURCE_ROOT; };
		6C37C57794DC2D66B7147CC1 /* App */ = {isa = PBXFileReference; explicitFileType = wrapper.application; includeInIndex = 0; path = JUCETest.app; sourceTree = BUILT_PRODUCTS_DIR; };
		729A67D783AE6CD68B59AE5D /* include_juce_audio_formats.mm */ /* include_juce_audio_formats.mm */ = {isa = PBXFileReference; lastKnownFileType = sourcecode.cpp.objcpp; name = include_juce_audio_formats.mm; path = ../../JuceLibraryCode/include_juce_audio_formats.mm; sourceTree = SOURCE_ROOT; };
		73185044CF42D82FB38B553B /* include_juce_graphics.mm */ /* include_juce_graphics.mm */ = {isa = PBXFileReference; lastKnownFileType = sourcecode.cpp.objcpp; name = include_juce_graphics.mm; path = ../../JuceLibraryCode/include_juce_graphics.mm; sourceTree = SOURCE_ROOT; };
		8C0E49AEC69D219766A74482 /* AudioToolbox.framework */ /* AudioToolbox.framework */ = {isa = PBXFileReference; lastKnownFileType = wrapper.framework; name = AudioToolbox.framework; path = System/Library/Frameworks/AudioToolbox.framework; sourceTree = SDKROOT; };
		933821B47C837EB0C3C08D61 /* MainComponent.h */ /* MainComponent.h */ = {isa = PBXFileReference; lastKnownFileType = sourcecode.c.h; name = MainComponent.h; path = ../../Source/MainComponent.h; sourceTree = SOURCE_ROOT; };
		9CB0BCFF06CA02E6142C8C93 /* include_juce_audio_utils.mm */ /* include_juce_audio_utils.mm */ = {isa = PBXFileReference; lastKnownFileType = sourcecode.cpp.objcpp; name = include_juce_audio_utils.mm; path = ../../JuceLibraryCode/include_juce_audio_utils.mm; sourceTree = SOURCE_ROOT; };
		B5EF9041442541FC08FA0508 /* juce_audio_utils */ /* juce_audio_utils */ = {isa = PBXFileReference; lastKnownFileType = folder; name = juce_audio_utils; path = "~/JUCE/modules/juce_audio_utils"; sourceTree = "<absolute>"; };
		B65C876AC96228E5ECFE69EB /* Main.cpp */ /* Main.cpp */ = {isa = PBXFileReference; lastKnownFileType = sourcecode.cpp.cpp; name = Main.cpp; path = ../../Source/Main.cpp; sourceTree = SOURCE_ROOT; };
		B8BA0F5886078733AB7D8C51 /* juce_gui_basics */ /* juce_gui_basics */ = {isa = PBXFileReference; lastKnownFileType = folder; name = juce_gui_basics; path = "~/JUCE/modules/juce_gui_basics"; sourceTree = "<absolute>"; };
		C0D50EBB943F6DD57B7A9FA5 /* include_juce_gui_basics.mm */ /* include_juce_gui_basics.mm */ = {isa = PBXFileReference; lastKnownFileType = sourcecode.cpp.objcpp; name = include_juce_gui_basics.mm; path = ../../JuceLibraryCode/include_juce_gui_basics.mm; sourceTree = SOURCE_ROOT; };
		C430830D3F71A254E1A512D4 /* include_juce_audio_basics.mm */ /* include_juce_audio_basics.mm */ = {isa = PBXFileReference; lastKnownFileType = sourcecode.cpp.objcpp; name = include_juce_audio_basics.mm; path = ../../JuceLibraryCode/include_juce_audio_basics.mm; sourceTree = SOURCE_ROOT; };
		CAB6175BCFEEB9337FDA2B96 /* juce_audio_processors */ /* juce_audio_processors */ = {isa = PBXFileReference; lastKnownFileType = folder; name = juce_audio_processors; path = "~/JUCE/modules/juce_audio_processors"; sourceTree = "<absolute>"; };
		CF21EE09C333C8212A8432B0 /* include_juce_events.mm */ /* include_juce_events.mm */ = {isa = PBXFileReference; lastKnownFileType = sourcecode.cpp.objcpp; name = include_juce_events.mm; path = ../../JuceLibraryCode/include_juce_events.mm; sourceTree = SOURCE_ROOT; };
		D07597C0A692B09FD1371A13 /* CoreMIDI.framework */ /* CoreMIDI.framework */ = {isa = PBXFileReference; lastKnownFileType = wrapper.framework; name = CoreMIDI.framework; path = System/Library/Frameworks/CoreMIDI.framework; sourceTree = SDKROOT; };
		DEFDB22DC60D1A6D12995BC8 /* Accelerate.framework */ /* Accelerate.framework */ = {isa = PBXFileReference; lastKnownFileType = wrapper.framework; name = Accelerate.framework; path = System/Library/Frameworks/Accelerate.framework; sourceTree = SDKROOT; };
		E0BF681F754717C0608A64FA /* MainComponent.cpp */ /* MainComponent.cpp */ = {isa = PBXFileReference; lastKnownFileType = sourcecode.cpp.cpp; name = MainComponent.cpp; path = ../../Source/MainComponent.cpp; sourceTree = SOURCE_ROOT; };
		E618DF57EC084D1FF7684F77 /* CoreAudioKit.framework */ /* CoreAudioKit.framework */ = {isa = PBXFileReference; lastKnownFileType = wrapper.framework; name = CoreAudioKit.framework; path = System/Library/Frameworks/CoreAudioKit.framework; sourceTree = SDKROOT; };
		EA02DEF6B608ADDA1B494699 /* QuartzCore.framework */ /* QuartzCore.framework */ = {isa = PBXFileReference; lastKnownFileType = wrapper.framework; name = QuartzCore.framework; path = System/Library/Frameworks/QuartzCore.framework; sourceTree = SDKROOT; };
		EC46F9E70B0F4ADCDE68C2C0 /* juce_core */ /* juce_core */ = {isa = PBXFileReference; lastKnownFileType = folder; name = juce_core; path = "~/JUCE/modules/juce_core"; sourceTree = "<absolute>"; };
		ED464332684E45B6B448433C /* WavAudioFormatPangEx.cpp */ /* WavAudioFormatPangEx.cpp */ = {isa = PBXFileReference; lastKnownFileType = sourcecode.cpp.cpp; name = WavAudioFormatPangEx.cpp; path = ../../Source/WavAudioFormatPangEx.cpp; sourceTree = SOURCE_ROOT; };
		FEC43BC8BA0859A701A0291A /* juce_audio_devices */ /* juce_audio_devices */ = {isa = PBXFileReference; lastKnownFileType = folder; name = juce_audio_devices; path = "~/JUCE/modules/juce_audio_devices"; sourceTree = "<absolute>"; };
		FFCF54248399C2FC3A9169F8 /* Carbon.framework */ /* Carbon.framework */ = {isa = PBXFileReference; lastKnownFileType = wrapper.framework; name = Carbon.framework; path = System/Library/Frameworks/Carbon.framework; sourceTree = SDKROOT; };
/* End PBXFileReference section */

/* Begin PBXFrameworksBuildPhase section */
		A2F44E5FCAAE25BEE0469B29 = {
			isa = PBXFrameworksBuildPhase;
			buildActionMask = 2147483647;
			files = (
				D47F14F686A4413328540440,
				D7F62E3ABC61DFF26B1A89BC,
				FA2A44545386258DF48EF612,
				C34F2C7C5399680A731CF100,
				15D072D66D3F0D0312A1B1BE,
				16971827DA06E4BBEE7A8F19,
				E13976A0051D90D4063D9B1B,
				6A24864978C0DD20F92B6FF9,
				8AC196E81B5081E1FF14AD9E,
				A18CCF7F40E4F79563B6F0BD,
				3ABD75D4057E718FE2563820,
				DC75FA6744AB3045C0794576,
			);
			runOnlyForDeploymentPostprocessing = 0;
		};
/* End PBXFrameworksBuildPhase section */

/* Begin PBXGroup section */
		1719F523CE7CF7B564FBF3A5 /* Products */ = {
			isa = PBXGroup;
			children = (
				6C37C57794DC2D66B7147CC1,
			);
			name = Products;
			sourceTree = "<group>";
		};
		2E90A5F166384CA3177A0916 /* JUCE Library Code */ = {
			isa = PBXGroup;
			children = (
				C430830D3F71A254E1A512D4,
				3E0561F2030C433EFEE93ADA,
				729A67D783AE6CD68B59AE5D,
				215EE0531FA7F6D37B663534,
				9CB0BCFF06CA02E6142C8C93,
				2B6E9A9011E2F83C1F0340AC,
				31351B49C8391C74BF19361C,
				CF21EE09C333C8212A8432B0,
				73185044CF42D82FB38B553B,
				C0D50EBB943F6DD57B7A9FA5,
				6339AB3EAC9F77C731108FBE,
				07AC83D91008FAF55B54AA0B,
			);
			name = "JUCE Library Code";
			sourceTree = "<group>";
		};
		790F70467445C9D30CF38990 /* Resources */ = {
			isa = PBXGroup;
			children = (
				59BD07FAAB08883F90B3E698,
				475C6B603246F3D3AB0B68C6,
			);
			name = Resources;
			sourceTree = "<group>";
		};
		9FEEAF023B16FC561115B695 /* Source */ = {
			isa = PBXGroup;
			children = (
				ED464332684E45B6B448433C,
				38DD2084DDDCF6CC7323E20D,
				B65C876AC96228E5ECFE69EB,
				933821B47C837EB0C3C08D61,
				E0BF681F754717C0608A64FA,
			);
			name = Source;
			sourceTree = "<group>";
		};
		AAF335034AFA6CA671885757 /* Source */ = {
			isa = PBXGroup;
			children = (
				CF78AE98F2BEA08BAAECC60D,
				CBEE9E43BF3E8780B3A5604B,
				2E90A5F166384CA3177A0916,
				790F70467445C9D30CF38990,
				B3CCF5C708B33CEE1268ABC5,
				1719F523CE7CF7B564FBF3A5,
			);
			name = Source;
			sourceTree = "<group>";
		};
		B3CCF5C708B33CEE1268ABC5 /* Frameworks */ = {
			isa = PBXGroup;
			children = (
				DEFDB22DC60D1A6D12995BC8,
				8C0E49AEC69D219766A74482,
				FFCF54248399C2FC3A9169F8,
				3F0EA9D1FFF6BAC4FF34672A,
				578EC7690F38B8463D2ABDA7,
				E618DF57EC084D1FF7684F77,
				D07597C0A692B09FD1371A13,
				4F82EBCC9DEF03E571A62E72,
				3A84A6CFCF0E88D48DFC0AA1,
				5E889EEC792D2E64DBCBA2C7,
				EA02DEF6B608ADDA1B494699,
				24EB8B7EEFF76F7566BAD4E1,
			);
			name = Frameworks;
			sourceTree = "<group>";
		};
		CBEE9E43BF3E8780B3A5604B /* JUCE Modules */ = {
			isa = PBXGroup;
			children = (
				5EC37B1BB07411BE6EB86089,
				FEC43BC8BA0859A701A0291A,
				09AA1CCE881CA9A42B50E9A2,
				CAB6175BCFEEB9337FDA2B96,
				B5EF9041442541FC08FA0508,
				EC46F9E70B0F4ADCDE68C2C0,
				5EAFF6F7C40E9EF710BEF4C5,
				3B73E4F6A9931D9B78129691,
				0B54632A3DEDADCAA18F979D,
				B8BA0F5886078733AB7D8C51,
				338B45BF4ADB9E0405D3AA98,
			);
			name = "JUCE Modules";
			sourceTree = "<group>";
		};
		CF78AE98F2BEA08BAAECC60D /* JUCETest */ = {
			isa = PBXGroup;
			children = (
				9FEEAF023B16FC561115B695,
			);
			name = JUCETest;
			sourceTree = "<group>";
		};
/* End PBXGroup section */

/* Begin PBXNativeTarget section */
		2817F91FAEC3F22223DBC635 /* JUCETest - App */ = {
			isa = PBXNativeTarget;
			buildConfigurationList = 67B04295FEBF3998D94BBC26;
			buildPhases = (
				DD9BBA9F40B9444F3ED51858,
				1288F18032645ECA064BA800,
				A2F44E5FCAAE25BEE0469B29,
			);
			buildRules = (
			);
			dependencies = (
			);
			name = "JUCETest - App";
			productName = JUCETest;
			productReference = 6C37C57794DC2D66B7147CC1;
			productType = "com.apple.product-type.application";
		};
/* End PBXNativeTarget section */

/* Begin PBXProject section */
		DAB5D48E82E8393BB4C66D98 = {
			isa = PBXProject;
			attributes = {
				LastUpgradeCheck = 1320;
				ORGANIZATIONNAME = "";
				TargetAttributes = {
					2817F91FAEC3F22223DBC635 = {
						SystemCapabilities = {
							com.apple.ApplicationGroups.iOS = {
								enabled = 0;
							};
							com.apple.HardenedRuntime = {
								enabled = 0;
							};
							com.apple.InAppPurchase = {
								enabled = 0;
							};
							com.apple.InterAppAudio = {
								enabled = 0;
							};
							com.apple.Push = {
								enabled = 0;
							};
							com.apple.Sandbox = {
								enabled = 0;
							};
						};
					};
				};
			};
			buildConfigurationList = 825B9463DEEBE173331F9AEF;
			compatibilityVersion = "Xcode 3.2";
			hasScannedForEncodings = 0;
			knownRegions = (
				en,
				Base,
			);
			mainGroup = AAF335034AFA6CA671885757;
			projectDirPath = "";
			projectRoot = "";
			targets = (
				2817F91FAEC3F22223DBC635,
			);
		};
/* End PBXProject section */

/* Begin PBXResourcesBuildPhase section */
		DD9BBA9F40B9444F3ED51858 = {
			isa = PBXResourcesBuildPhase;
			buildActionMask = 2147483647;
			files = (
				879F5237D9944167B8C08D83,
			);
			runOnlyForDeploymentPostprocessing = 0;
		};
/* End PBXResourcesBuildPhase section */

/* Begin PBXSourcesBuildPhase section */
		1288F18032645ECA064BA800 = {
			isa = PBXSourcesBuildPhase;
			buildActionMask = 2147483647;
			files = (
				1D64200010F96BD72EB199DB,
				3284AD67063FBCC0DF663CF5,
				967FA8D250A40B09895F350F,
				E7AE3E21A6550E0C724464AE,
				8DA39493A10BD0BBD4EDEC07,
				F3B3A857B445FC93C0F39BA6,
				EC970DB397371C732EDFA7F9,
				964D493F83C05A11EA9570A9,
				C400746996069A33ACDA3BC8,
				3E7E890E530A1C16EE06DF84,
				38C7172CEE85117A6A000889,
				9D35A7544A4A13AD0F957049,
				7201D54F0F2E28ED3509A2B2,
				73E4385A33183F6E6F215D5C,
			);
			runOnlyForDeploymentPostprocessing = 0;
		};
/* End PBXSourcesBuildPhase section */

/* Begin XCBuildConfiguration section */
		172BF9B12BCE2831E3ADA6B3 /* Debug */ = {
			isa = XCBuildConfiguration;
			buildSettings = {
				CLANG_CXX_LANGUAGE_STANDARD = "c++14";
				CLANG_CXX_LIBRARY = "libc++";
				CLANG_LINK_OBJC_RUNTIME = NO;
				CODE_SIGN_IDENTITY = "";
				COMBINE_HIDPI_IMAGES = YES;
				CONFIGURATION_BUILD_DIR = "$(PROJECT_DIR)/build/$(CONFIGURATION)";
				COPY_PHASE_STRIP = NO;
				EXCLUDED_ARCHS = "";
				GCC_DYNAMIC_NO_PIC = NO;
				GCC_OPTIMIZATION_LEVEL = 0;
				GCC_PREPROCESSOR_DEFINITIONS = (
					"_DEBUG=1",
					"DEBUG=1",
					"JUCE_DISPLAY_SPLASH_SCREEN=1",
					"JUCE_USE_DARK_SPLASH_SCREEN=1",
					"JUCE_PROJUCER_VERSION=0x60104",
					"JUCE_MODULE_AVAILABLE_juce_audio_basics=1",
					"JUCE_MODULE_AVAILABLE_juce_audio_devices=1",
					"JUCE_MODULE_AVAILABLE_juce_audio_formats=1",
					"JUCE_MODULE_AVAILABLE_juce_audio_processors=1",
					"JUCE_MODULE_AVAILABLE_juce_audio_utils=1",
					"JUCE_MODULE_AVAILABLE_juce_core=1",
					"JUCE_MODULE_AVAILABLE_juce_data_structures=1",
					"JUCE_MODULE_AVAILABLE_juce_events=1",
					"JUCE_MODULE_AVAILABLE_juce_graphics=1",
					"JUCE_MODULE_AVAILABLE_juce_gui_basics=1",
					"JUCE_MODULE_AVAILABLE_juce_gui_extra=1",
					"JUCE_GLOBAL_MODULE_SETTINGS_INCLUDED=1",
					"JUCE_STRICT_REFCOUNTEDPOINTER=1",
					"JUCE_STANDALONE_APPLICATION=1",
					"JUCER_XCODE_MAC_F6D2F4CF=1",
					"JUCE_APP_VERSION=1.0.0",
					"JUCE_APP_VERSION_HEX=0x10000",
					"JucePlugin_Build_VST=0",
					"JucePlugin_Build_VST3=0",
					"JucePlugin_Build_AU=0",
					"JucePlugin_Build_AUv3=0",
					"JucePlugin_Build_RTAS=0",
					"JucePlugin_Build_AAX=0",
					"JucePlugin_Build_Standalone=0",
					"JucePlugin_Build_Unity=0",
				);
				GCC_VERSION = com.apple.compilers.llvm.clang.1_0;
				HEADER_SEARCH_PATHS = (
					"$(SRCROOT)/../../JuceLibraryCode",
					"$(HOME)/JUCE/modules",
					"$(inherited)",
				);
				INFOPLIST_FILE = Info-App.plist;
				INFOPLIST_PREPROCESS = NO;
				INSTALL_PATH = "$(HOME)/Applications";
				MACOSX_DEPLOYMENT_TARGET = 10.11;
				MTL_HEADER_SEARCH_PATHS = "$(SRCROOT)/../../JuceLibraryCode $(HOME)/JUCE/modules";
				PRODUCT_BUNDLE_IDENTIFIER = com.yourcompany.JUCETest;
				PRODUCT_NAME = "JUCETest";
				USE_HEADERMAP = NO;
				VALID_ARCHS = "i386 x86_64 arm64 arm64e";
			};
			name = Debug;
		};
		5728EDE0A7C7F72181A22F89 /* Release */ = {
			isa = XCBuildConfiguration;
			buildSettings = {
				CLANG_CXX_LANGUAGE_STANDARD = "c++14";
				CLANG_CXX_LIBRARY = "libc++";
				CLANG_LINK_OBJC_RUNTIME = NO;
				CODE_SIGN_IDENTITY = "";
				COMBINE_HIDPI_IMAGES = YES;
				CONFIGURATION_BUILD_DIR = "$(PROJECT_DIR)/build/$(CONFIGURATION)";
				DEAD_CODE_STRIPPING = YES;
				EXCLUDED_ARCHS = "";
				GCC_GENERATE_DEBUGGING_SYMBOLS = NO;
				GCC_OPTIMIZATION_LEVEL = 3;
				GCC_PREPROCESSOR_DEFINITIONS = (
					"_NDEBUG=1",
					"NDEBUG=1",
					"JUCE_DISPLAY_SPLASH_SCREEN=1",
					"JUCE_USE_DARK_SPLASH_SCREEN=1",
					"JUCE_PROJUCER_VERSION=0x60104",
					"JUCE_MODULE_AVAILABLE_juce_audio_basics=1",
					"JUCE_MODULE_AVAILABLE_juce_audio_devices=1",
					"JUCE_MODULE_AVAILABLE_juce_audio_formats=1",
					"JUCE_MODULE_AVAILABLE_juce_audio_processors=1",
					"JUCE_MODULE_AVAILABLE_juce_audio_utils=1",
					"JUCE_MODULE_AVAILABLE_juce_core=1",
					"JUCE_MODULE_AVAILABLE_juce_data_structures=1",
					"JUCE_MODULE_AVAILABLE_juce_events=1",
					"JUCE_MODULE_AVAILABLE_juce_graphics=1",
					"JUCE_MODULE_AVAILABLE_juce_gui_basics=1",
					"JUCE_MODULE_AVAILABLE_juce_gui_extra=1",
					"JUCE_GLOBAL_MODULE_SETTINGS_INCLUDED=1",
					"JUCE_STRICT_REFCOUNTEDPOINTER=1",
					"JUCE_STANDALONE_APPLICATION=1",
					"JUCER_XCODE_MAC_F6D2F4CF=1",
					"JUCE_APP_VERSION=1.0.0",
					"JUCE_APP_VERSION_HEX=0x10000",
					"JucePlugin_Build_VST=0",
					"JucePlugin_Build_VST3=0",
					"JucePlugin_Build_AU=0",
					"JucePlugin_Build_AUv3=0",
					"JucePlugin_Build_RTAS=0",
					"JucePlugin_Build_AAX=0",
					"JucePlugin_Build_Standalone=0",
					"JucePlugin_Build_Unity=0",
				);
				GCC_VERSION = com.apple.compilers.llvm.clang.1_0;
				HEADER_SEARCH_PATHS = (
					"$(SRCROOT)/../../JuceLibraryCode",
					"$(HOME)/JUCE/modules",
					"$(inherited)",
				);
				INFOPLIST_FILE = Info-App.plist;
				INFOPLIST_PREPROCESS = NO;
				INSTALL_PATH = "$(HOME)/Applications";
				LLVM_LTO = YES;
				MACOSX_DEPLOYMENT_TARGET = 10.11;
				MTL_HEADER_SEARCH_PATHS = "$(SRCROOT)/../../JuceLibraryCode $(HOME)/JUCE/modules";
				PRODUCT_BUNDLE_IDENTIFIER = com.yourcompany.JUCETest;
				PRODUCT_NAME = "JUCETest";
				USE_HEADERMAP = NO;
				VALID_ARCHS = "i386 x86_64 arm64 arm64e";
			};
			name = Release;
		};
		CAB6E47146E06E0681AD16A4 /* Debug */ = {
			isa = XCBuildConfiguration;
			buildSettings = {
				ALWAYS_SEARCH_USER_PATHS = NO;
				CLANG_ENABLE_OBJC_WEAK = YES;
				CLANG_WARN_BLOCK_CAPTURE_AUTORELEASING = YES;
				CLANG_WARN_BOOL_CONVERSION = YES;
				CLANG_WARN_COMMA = YES;
				CLANG_WARN_CONSTANT_CONVERSION = YES;
				CLANG_WARN_DEPRECATED_OBJC_IMPLEMENTATIONS = YES;
				CLANG_WARN_EMPTY_BODY = YES;
				CLANG_WARN_ENUM_CONVERSION = YES;
				CLANG_WARN_INFINITE_RECURSION = YES;
				CLANG_WARN_INT_CONVERSION = YES;
				CLANG_WARN_NON_LITERAL_NULL_CONVERSION = YES;
				CLANG_WARN_OBJC_IMPLICIT_RETAIN_SELF = YES;
				CLANG_WARN_OBJC_LITERAL_CONVERSION = YES;
				CLANG_WARN_RANGE_LOOP_ANALYSIS = YES;
				CLANG_WARN_STRICT_PROTOTYPES = YES;
				CLANG_WARN_SUSPICIOUS_MOVE = YES;
				CLANG_WARN_UNREACHABLE_CODE = YES;
				CLANG_WARN__DUPLICATE_METHOD_MATCH = YES;
				CODE_SIGN_IDENTITY = "";
				DEBUG_INFORMATION_FORMAT = dwarf;
				ENABLE_STRICT_OBJC_MSGSEND = YES;
				ENABLE_TESTABILITY = NO;
				GCC_C_LANGUAGE_STANDARD = c11;
				GCC_INLINES_ARE_PRIVATE_EXTERN = YES;
				GCC_MODEL_TUNING = G5;
				GCC_NO_COMMON_BLOCKS = YES;
				GCC_SYMBOLS_PRIVATE_EXTERN = YES;
				GCC_WARN_64_TO_32_BIT_CONVERSION = YES;
				GCC_WARN_ABOUT_RETURN_TYPE = YES;
				GCC_WARN_CHECK_SWITCH_STATEMENTS = YES;
				GCC_WARN_MISSING_PARENTHESES = YES;
				GCC_WARN_NON_VIRTUAL_DESTRUCTOR = YES;
				GCC_WARN_TYPECHECK_CALLS_TO_PRINTF = YES;
				GCC_WARN_UNDECLARED_SELECTOR = YES;
				GCC_WARN_UNINITIALIZED_AUTOS = YES;
				GCC_WARN_UNUSED_FUNCTION = YES;
				GCC_WARN_UNUSED_VARIABLE = YES;
				ONLY_ACTIVE_ARCH = YES;
				PRODUCT_NAME = "JUCETest";
				SDKROOT = macosx;
				WARNING_CFLAGS = "-Wreorder";
				ZERO_LINK = NO;
			};
			name = Debug;
		};
		F5371BC106BB252067C7BEBE /* Release */ = {
			isa = XCBuildConfiguration;
			buildSettings = {
				ALWAYS_SEARCH_USER_PATHS = NO;
				CLANG_ENABLE_OBJC_WEAK = YES;
				CLANG_WARN_BLOCK_CAPTURE_AUTORELEASING = YES;
				CLANG_WARN_BOOL_CONVERSION = YES;
				CLANG_WARN_COMMA = YES;
				CLANG_WARN_CONSTANT_CONVERSION = YES;
				CLANG_WARN_DEPRECATED_OBJC_IMPLEMENTATIONS = YES;
				CLANG_WARN_EMPTY_BODY = YES;
				CLANG_WARN_ENUM_CONVERSION = YES;
				CLANG_WARN_INFINITE_RECURSION = YES;
				CLANG_WARN_INT_CONVERSION = YES;
				CLANG_WARN_NON_LITERAL_NULL_CONVERSION = YES;
				CLANG_WARN_OBJC_IMPLICIT_RETAIN_SELF = YES;
				CLANG_WARN_OBJC_LITERAL_CONVERSION = YES;
				CLANG_WARN_RANGE_LOOP_ANALYSIS = YES;
				CLANG_WARN_STRICT_PROTOTYPES = YES;
				CLANG_WARN_SUSPICIOUS_MOVE = YES;
				CLANG_WARN_UNREACHABLE_CODE = YES;
				CLANG_WARN__DUPLICATE_METHOD_MATCH = YES;
				CODE_SIGN_IDENTITY = "";
				DEBUG_INFORMATION_FORMAT = dwarf;
				ENABLE_STRICT_OBJC_MSGSEND = YES;
				ENABLE_TESTABILITY = NO;
				GCC_C_LANGUAGE_STANDARD = c11;
				GCC_INLINES_ARE_PRIVATE_EXTERN = YES;
				GCC_MODEL_TUNING = G5;
				GCC_NO_COMMON_BLOCKS = YES;
				GCC_SYMBOLS_PRIVATE_EXTERN = YES;
				GCC_WARN_64_TO_32_BIT_CONVERSION = YES;
				GCC_WARN_ABOUT_RETURN_TYPE = YES;
				GCC_WARN_CHECK_SWITCH_STATEMENTS = YES;
				GCC_WARN_MISSING_PARENTHESES = YES;
				GCC_WARN_NON_VIRTUAL_DESTRUCTOR = YES;
				GCC_WARN_TYPECHECK_CALLS_TO_PRINTF = YES;
				GCC_WARN_UNDECLARED_SELECTOR = YES;
				GCC_WARN_UNINITIALIZED_AUTOS = YES;
				GCC_WARN_UNUSED_FUNCTION = YES;
				GCC_WARN_UNUSED_VARIABLE = YES;
				PRODUCT_NAME = "JUCETest";
				SDKROOT = macosx;
				WARNING_CFLAGS = "-Wreorder";
				ZERO_LINK = NO;
			};
			name = Release;
		};
/* End XCBuildConfiguration section */

/* Begin XCConfigurationList section */
		67B04295FEBF3998D94BBC26 = {
			isa = XCConfigurationList;
			buildConfigurations = (
				172BF9B12BCE2831E3ADA6B3,
				5728EDE0A7C7F72181A22F89,
			);
			defaultConfigurationIsVisible = 0;
			defaultConfigurationName = Debug;
		};
		825B9463DEEBE173331F9AEF = {
			isa = XCConfigurationList;
			buildConfigurations = (
				CAB6E47146E06E0681AD16A4,
				F5371BC106BB252067C7BEBE,
			);
			defaultConfigurationIsVisible = 0;
			defaultConfigurationName = Debug;
		};
/* End XCConfigurationList section */
	};
	rootObject = DAB5D48E82E8393BB4C66D98 /* Project object */;
}
