// !$*UTF8*$!
{
	archiveVersion = 1;
	classes = {
	};
	objectVersion = 46;
	objects = {

/* Begin PBXBuildFile section */
		024F515F890E6BC8279D466A /* FxInfo.cpp */ = {isa = PBXBuildFile; fileRef = FD5BC159871C1E1F301B38D2; };
		12ED92050CC2AAE68F0E7AC8 /* RegionSpotter.cpp */ = {isa = PBXBuildFile; fileRef = E119F33FBE920D3A84E92F4A; };
		184107D9A2164A4AD05963D5 /* FxTableComponent.cpp */ = {isa = PBXBuildFile; fileRef = 4AE7ACB4393182D1D2E3CAEC; };
		196BF60A2FE4E72A6B93C312 /* DiscRecording.framework */ = {isa = PBXBuildFile; fileRef = 3B08C7757A7F1804715181CA; };
		1F2F1602569631E081A2846A /* CoreMIDI.framework */ = {isa = PBXBuildFile; fileRef = 8875EFA9455B860B80E4D7F0; };
		24B44DDE4EFEB84F8A51B101 /* include_juce_audio_formats.mm */ = {isa = PBXBuildFile; fileRef = 12470C67996691EF1E7C3CCF; };
		24CE6F5172E92686EF1DF05A /* include_juce_audio_utils.mm */ = {isa = PBXBuildFile; fileRef = 77798EA5E26DA7A3639A3CE6; };
		305373C73CE2C9CA3DFA1A0C /* BaiduAIHelper.cpp */ = {isa = PBXBuildFile; fileRef = 72574DD15881C166D025C20F; };
		33B93ACFBE99D516B16B4042 /* CoreAudio.framework */ = {isa = PBXBuildFile; fileRef = D9DE6C239855BEE57EFBB7EC; };
		3CBC24B4066A2B7AACFF6DD6 /* AudioToolbox.framework */ = {isa = PBXBuildFile; fileRef = 59BDD7961E7BDDC43CBEA086; };
		4F77123A9AE72801685A3035 /* FxDB.cpp */ = {isa = PBXBuildFile; fileRef = BFA7F71FD51C5B9F98191445; };
		5857657636C5DFE54B0F2B68 /* WebKit.framework */ = {isa = PBXBuildFile; fileRef = 5912939FABDEAB6B193981F1; };
		596E6DF779F19A8FDA619EFD /* AudioCoverComponent.cpp */ = {isa = PBXBuildFile; fileRef = D55A5AE4F679477CEFD271AF; };
		5B05BAF2674B131479D1BDCD /* SystemSettingsHelper.cpp */ = {isa = PBXBuildFile; fileRef = E2DC2A8EA45A6F12A85EAFC9; };
		6331CF8BC789D674BABD5FAF /* CoreAudioKit.framework */ = {isa = PBXBuildFile; fileRef = 6AD6767296766D318E912886; };
		63403B2B2BD516C8E4B679DB /* include_juce_events.mm */ = {isa = PBXBuildFile; fileRef = AE79C3C119CFA158B13346B4; };
		673E81E4D9EC82B3C02EB37D /* QuartzCore.framework */ = {isa = PBXBuildFile; fileRef = A321379B3E09F43AF6570D08; };
		67C2834DD74072694423E480 /* MainComponent.cpp */ = {isa = PBXBuildFile; fileRef = A5E5A09E8D80C8223E898486; };
		700E73A16D49DAB135E7648A /* include_juce_audio_processors.mm */ = {isa = PBXBuildFile; fileRef = 8767E6E4FAE0BE29E8532933; };
		72CD30AE944DBA4E505D9B62 /* include_juce_gui_extra.mm */ = {isa = PBXBuildFile; fileRef = 5FDB28D016639363E58E67CB; };
		877E0E58E277701CFBA7BC14 /* Cocoa.framework */ = {isa = PBXBuildFile; fileRef = 2D9EFEBAB6985F6C03A2F9BD; };
		8CBC235AC1D7065D152E0BF5 /* Accelerate.framework */ = {isa = PBXBuildFile; fileRef = 79025EC504E73DBDE38D2D63; };
		8D0F737E29F1605005A69B1D /* include_juce_core.mm */ = {isa = PBXBuildFile; fileRef = BEB8F9F64DAC7515AF34FD1D; };
		8D4C562B5E9D0313B8DEC916 /* RecentFilesMenuTemplate.nib */ = {isa = PBXBuildFile; fileRef = 25D18B19BF0B7C4CF539AAF8; };
		8EC3D2BD28B0FD663FBC859A /* App */ = {isa = PBXBuildFile; fileRef = DAC55025746E0788FF725578; };
		93D0EC7195AB3DA0E46C3E6A /* DatabaseHelper.cpp */ = {isa = PBXBuildFile; fileRef = 088E7B3DC5D333B1CBC919D8; };
		97429AAB02E6D5B6B290C8AC /* Main.cpp */ = {isa = PBXBuildFile; fileRef = 3A63CB7BA7EA7E13625D6CA9; };
		A43DBFB335C21B6EC46D8CDC /* Carbon.framework */ = {isa = PBXBuildFile; fileRef = E714D2DCA4ABA5B941B35123; };
		B701DA4E48CE1302F6FF8A5B /* IOKit.framework */ = {isa = PBXBuildFile; fileRef = ECBFDA4ECE71EFC126CA906A; };
		BC440386185C0FB27B7FE335 /* include_juce_graphics.mm */ = {isa = PBXBuildFile; fileRef = D81DABD6A2B8913D5A82800B; };
		C7367AB6CAD131F017D12504 /* PangMenuComponent.cpp */ = {isa = PBXBuildFile; fileRef = B2CCBE73124352A45F659FDF; };
		C75C4E6F57FA1238583139A6 /* TranslateHelper.cpp */ = {isa = PBXBuildFile; fileRef = BCF2952BB8A8AC4013E69580; };
		C9B6ACBCC301F694F9BC9EB8 /* ApplicationSettingComponent.cpp */ = {isa = PBXBuildFile; fileRef = 918F3527C9DE95850933A2FC; };
		CB78563BE70EFA64AFCA6C98 /* include_juce_data_structures.mm */ = {isa = PBXBuildFile; fileRef = F87E1C7F4ACCAE298195F8DD; };
		D1C21EEA8B23E20AC54B617B /* Fx.cpp */ = {isa = PBXBuildFile; fileRef = E9C892635FB81F73F49E24F8; };
		D3F4F4C5FA9EB241DE4570BF /* include_juce_audio_basics.mm */ = {isa = PBXBuildFile; fileRef = 43967A4178D102704EDF77D9; };
		DFA3492FAC9517A7A0393A52 /* AudioSearchComponent.cpp */ = {isa = PBXBuildFile; fileRef = AD7C5ABF9A7A1CB222EFB40F; };
		E9CD1E120CFC9B4855BDC6B5 /* include_juce_gui_basics.mm */ = {isa = PBXBuildFile; fileRef = CB364443CDCFE2343375AB43; };
		EB0EBE18A7BB093027C51358 /* AudioExportComponent.cpp */ = {isa = PBXBuildFile; fileRef = E1ECDBE35219BC5ACE6849FE; };
		F6EDAF4310F9C8DFF86676B9 /* Foundation.framework */ = {isa = PBXBuildFile; fileRef = 6D73489A5CD33CFC8FDF2069; };
		FB100390B099DEDD852FE9D9 /* include_juce_audio_devices.mm */ = {isa = PBXBuildFile; fileRef = 360B0412572A0F1D27AEF963; };
/* End PBXBuildFile section */

/* Begin PBXFileReference section */
		019D65FC7BE3C73B2D9BF084 /* juce_gui_basics */ /* juce_gui_basics */ = {isa = PBXFileReference; lastKnownFileType = folder; name = juce_gui_basics; path = "~/JUCE/modules/juce_gui_basics"; sourceTree = "<absolute>"; };
		0877FC1B42487820E6454401 /* FxTableComponent.h */ /* FxTableComponent.h */ = {isa = PBXFileReference; lastKnownFileType = sourcecode.c.h; name = FxTableComponent.h; path = ../../Source/UI/AudioSearch/FxTableComponent.h; sourceTree = SOURCE_ROOT; };
		088E7B3DC5D333B1CBC919D8 /* DatabaseHelper.cpp */ /* DatabaseHelper.cpp */ = {isa = PBXFileReference; lastKnownFileType = sourcecode.cpp.cpp; name = DatabaseHelper.cpp; path = ../../Source/Utilities/DatabaseHelper.cpp; sourceTree = SOURCE_ROOT; };
		12470C67996691EF1E7C3CCF /* include_juce_audio_formats.mm */ /* include_juce_audio_formats.mm */ = {isa = PBXFileReference; lastKnownFileType = sourcecode.cpp.objcpp; name = include_juce_audio_formats.mm; path = ../../JuceLibraryCode/include_juce_audio_formats.mm; sourceTree = SOURCE_ROOT; };
		1C011785EA4997D885E2926F /* AudioCoverComponent.h */ /* AudioCoverComponent.h */ = {isa = PBXFileReference; lastKnownFileType = sourcecode.c.h; name = AudioCoverComponent.h; path = ../../Source/UI/AudioPlayer/AudioCoverComponent.h; sourceTree = SOURCE_ROOT; };
		1CD3EFA2EF5F61309F8FB3EF /* MainComponent.h */ /* MainComponent.h */ = {isa = PBXFileReference; lastKnownFileType = sourcecode.c.h; name = MainComponent.h; path = ../../Source/UI/MainComponent.h; sourceTree = SOURCE_ROOT; };
		21CE40BFFDF3C9F933068296 /* ApplicationSettingComponent.h */ /* ApplicationSettingComponent.h */ = {isa = PBXFileReference; lastKnownFileType = sourcecode.c.h; name = ApplicationSettingComponent.h; path = ../../Source/UI/Menu/ApplicationSettingComponent.h; sourceTree = SOURCE_ROOT; };
		25D18B19BF0B7C4CF539AAF8 /* RecentFilesMenuTemplate.nib */ /* RecentFilesMenuTemplate.nib */ = {isa = PBXFileReference; lastKnownFileType = file.nib; name = RecentFilesMenuTemplate.nib; path = RecentFilesMenuTemplate.nib; sourceTree = SOURCE_ROOT; };
		270D13955D0F66DB25C6FFAB /* SystemSettingsHelper.h */ /* SystemSettingsHelper.h */ = {isa = PBXFileReference; lastKnownFileType = sourcecode.c.h; name = SystemSettingsHelper.h; path = ../../Source/Utilities/SystemSettingsHelper.h; sourceTree = SOURCE_ROOT; };
		2B91CE7A28D1C8467361A240 /* Info-App.plist */ /* Info-App.plist */ = {isa = PBXFileReference; lastKnownFileType = text.plist.xml; name = "Info-App.plist"; path = "Info-App.plist"; sourceTree = SOURCE_ROOT; };
		2D9EFEBAB6985F6C03A2F9BD /* Cocoa.framework */ /* Cocoa.framework */ = {isa = PBXFileReference; lastKnownFileType = wrapper.framework; name = Cocoa.framework; path = System/Library/Frameworks/Cocoa.framework; sourceTree = SDKROOT; };
		34B9DA4F86A1C88EEF65B2A1 /* juce_core */ /* juce_core */ = {isa = PBXFileReference; lastKnownFileType = folder; name = juce_core; path = "~/JUCE/modules/juce_core"; sourceTree = "<absolute>"; };
		360B0412572A0F1D27AEF963 /* include_juce_audio_devices.mm */ /* include_juce_audio_devices.mm */ = {isa = PBXFileReference; lastKnownFileType = sourcecode.cpp.objcpp; name = include_juce_audio_devices.mm; path = ../../JuceLibraryCode/include_juce_audio_devices.mm; sourceTree = SOURCE_ROOT; };
		3A63CB7BA7EA7E13625D6CA9 /* Main.cpp */ /* Main.cpp */ = {isa = PBXFileReference; lastKnownFileType = sourcecode.cpp.cpp; name = Main.cpp; path = ../../Source/Main.cpp; sourceTree = SOURCE_ROOT; };
		3B08C7757A7F1804715181CA /* DiscRecording.framework */ /* DiscRecording.framework */ = {isa = PBXFileReference; lastKnownFileType = wrapper.framework; name = DiscRecording.framework; path = System/Library/Frameworks/DiscRecording.framework; sourceTree = SDKROOT; };
		43967A4178D102704EDF77D9 /* include_juce_audio_basics.mm */ /* include_juce_audio_basics.mm */ = {isa = PBXFileReference; lastKnownFileType = sourcecode.cpp.objcpp; name = include_juce_audio_basics.mm; path = ../../JuceLibraryCode/include_juce_audio_basics.mm; sourceTree = SOURCE_ROOT; };
		4A33004C9DBD40060A4C7B1E /* juce_audio_formats */ /* juce_audio_formats */ = {isa = PBXFileReference; lastKnownFileType = folder; name = juce_audio_formats; path = "~/JUCE/modules/juce_audio_formats"; sourceTree = "<absolute>"; };
		4AE7ACB4393182D1D2E3CAEC /* FxTableComponent.cpp */ /* FxTableComponent.cpp */ = {isa = PBXFileReference; lastKnownFileType = sourcecode.cpp.cpp; name = FxTableComponent.cpp; path = ../../Source/UI/AudioSearch/FxTableComponent.cpp; sourceTree = SOURCE_ROOT; };
		4FC8EFF259F3349AD9A4A5C8 /* RegionSpotter.h */ /* RegionSpotter.h */ = {isa = PBXFileReference; lastKnownFileType = sourcecode.c.h; name = RegionSpotter.h; path = ../../Source/Utilities/SpotToDAW/ProTools/RegionSpotter.h; sourceTree = SOURCE_ROOT; };
		5912939FABDEAB6B193981F1 /* WebKit.framework */ /* WebKit.framework */ = {isa = PBXFileReference; lastKnownFileType = wrapper.framework; name = WebKit.framework; path = System/Library/Frameworks/WebKit.framework; sourceTree = SDKROOT; };
		596E3EAB1A5D2D6BF9083359 /* juce_data_structures */ /* juce_data_structures */ = {isa = PBXFileReference; lastKnownFileType = folder; name = juce_data_structures; path = "~/JUCE/modules/juce_data_structures"; sourceTree = "<absolute>"; };
		59BDD7961E7BDDC43CBEA086 /* AudioToolbox.framework */ /* AudioToolbox.framework */ = {isa = PBXFileReference; lastKnownFileType = wrapper.framework; name = AudioToolbox.framework; path = System/Library/Frameworks/AudioToolbox.framework; sourceTree = SDKROOT; };
		5FDB28D016639363E58E67CB /* include_juce_gui_extra.mm */ /* include_juce_gui_extra.mm */ = {isa = PBXFileReference; lastKnownFileType = sourcecode.cpp.objcpp; name = include_juce_gui_extra.mm; path = ../../JuceLibraryCode/include_juce_gui_extra.mm; sourceTree = SOURCE_ROOT; };
		661E8D9473AF9281FDD326C4 /* App.entitlements */ /* App.entitlements */ = {isa = PBXFileReference; lastKnownFileType = text.plist.xml; name = App.entitlements; path = App.entitlements; sourceTree = SOURCE_ROOT; };
		6896EC5F29B3D5C42C579B52 /* FxInfo.h */ /* FxInfo.h */ = {isa = PBXFileReference; lastKnownFileType = sourcecode.c.h; name = FxInfo.h; path = ../../Source/Module/FxInfo.h; sourceTree = SOURCE_ROOT; };
		6AD6767296766D318E912886 /* CoreAudioKit.framework */ /* CoreAudioKit.framework */ = {isa = PBXFileReference; lastKnownFileType = wrapper.framework; name = CoreAudioKit.framework; path = System/Library/Frameworks/CoreAudioKit.framework; sourceTree = SDKROOT; };
		6D73489A5CD33CFC8FDF2069 /* Foundation.framework */ /* Foundation.framework */ = {isa = PBXFileReference; lastKnownFileType = wrapper.framework; name = Foundation.framework; path = System/Library/Frameworks/Foundation.framework; sourceTree = SDKROOT; };
		72574DD15881C166D025C20F /* BaiduAIHelper.cpp */ /* BaiduAIHelper.cpp */ = {isa = PBXFileReference; lastKnownFileType = sourcecode.cpp.cpp; name = BaiduAIHelper.cpp; path = ../../Source/Utilities/BaiduAI/BaiduAIHelper.cpp; sourceTree = SOURCE_ROOT; };
		77798EA5E26DA7A3639A3CE6 /* include_juce_audio_utils.mm */ /* include_juce_audio_utils.mm */ = {isa = PBXFileReference; lastKnownFileType = sourcecode.cpp.objcpp; name = include_juce_audio_utils.mm; path = ../../JuceLibraryCode/include_juce_audio_utils.mm; sourceTree = SOURCE_ROOT; };
		79025EC504E73DBDE38D2D63 /* Accelerate.framework */ /* Accelerate.framework */ = {isa = PBXFileReference; lastKnownFileType = wrapper.framework; name = Accelerate.framework; path = System/Library/Frameworks/Accelerate.framework; sourceTree = SDKROOT; };
		84079CE895A7A9459720A67E /* TranslateHelper.h */ /* TranslateHelper.h */ = {isa = PBXFileReference; lastKnownFileType = sourcecode.c.h; name = TranslateHelper.h; path = ../../Source/Utilities/TranslateHelper.h; sourceTree = SOURCE_ROOT; };
		8481586A0A2443951ADD8968 /* FxDB.h */ /* FxDB.h */ = {isa = PBXFileReference; lastKnownFileType = sourcecode.c.h; name = FxDB.h; path = ../../Source/Module/FxDB.h; sourceTree = SOURCE_ROOT; };
		84864B7BDDFE4BEB5E879023 /* BaiduAIHelper.h */ /* BaiduAIHelper.h */ = {isa = PBXFileReference; lastKnownFileType = sourcecode.c.h; name = BaiduAIHelper.h; path = ../../Source/Utilities/BaiduAI/BaiduAIHelper.h; sourceTree = SOURCE_ROOT; };
		861C41116C289326A0A54C8B /* juce_audio_basics */ /* juce_audio_basics */ = {isa = PBXFileReference; lastKnownFileType = folder; name = juce_audio_basics; path = "~/JUCE/modules/juce_audio_basics"; sourceTree = "<absolute>"; };
		8767E6E4FAE0BE29E8532933 /* include_juce_audio_processors.mm */ /* include_juce_audio_processors.mm */ = {isa = PBXFileReference; lastKnownFileType = sourcecode.cpp.objcpp; name = include_juce_audio_processors.mm; path = ../../JuceLibraryCode/include_juce_audio_processors.mm; sourceTree = SOURCE_ROOT; };
		8875EFA9455B860B80E4D7F0 /* CoreMIDI.framework */ /* CoreMIDI.framework */ = {isa = PBXFileReference; lastKnownFileType = wrapper.framework; name = CoreMIDI.framework; path = System/Library/Frameworks/CoreMIDI.framework; sourceTree = SDKROOT; };
		918F3527C9DE95850933A2FC /* ApplicationSettingComponent.cpp */ /* ApplicationSettingComponent.cpp */ = {isa = PBXFileReference; lastKnownFileType = sourcecode.cpp.cpp; name = ApplicationSettingComponent.cpp; path = ../../Source/UI/Menu/ApplicationSettingComponent.cpp; sourceTree = SOURCE_ROOT; };
		955791BD7BA8EB003D4BAE79 /* DatabaseHelper.h */ /* DatabaseHelper.h */ = {isa = PBXFileReference; lastKnownFileType = sourcecode.c.h; name = DatabaseHelper.h; path = ../../Source/Utilities/DatabaseHelper.h; sourceTree = SOURCE_ROOT; };
		9EB002FB092D78502A801989 /* juce_audio_processors */ /* juce_audio_processors */ = {isa = PBXFileReference; lastKnownFileType = folder; name = juce_audio_processors; path = "~/JUCE/modules/juce_audio_processors"; sourceTree = "<absolute>"; };
		9FB4C9AEED5CBD2240A3D8B7 /* juce_audio_devices */ /* juce_audio_devices */ = {isa = PBXFileReference; lastKnownFileType = folder; name = juce_audio_devices; path = "~/JUCE/modules/juce_audio_devices"; sourceTree = "<absolute>"; };
		A321379B3E09F43AF6570D08 /* QuartzCore.framework */ /* QuartzCore.framework */ = {isa = PBXFileReference; lastKnownFileType = wrapper.framework; name = QuartzCore.framework; path = System/Library/Frameworks/QuartzCore.framework; sourceTree = SDKROOT; };
		A4ADB1EF8B8B305E9DB2AA6E /* juce_events */ /* juce_events */ = {isa = PBXFileReference; lastKnownFileType = folder; name = juce_events; path = "~/JUCE/modules/juce_events"; sourceTree = "<absolute>"; };
		A5E5A09E8D80C8223E898486 /* MainComponent.cpp */ /* MainComponent.cpp */ = {isa = PBXFileReference; lastKnownFileType = sourcecode.cpp.cpp; name = MainComponent.cpp; path = ../../Source/UI/MainComponent.cpp; sourceTree = SOURCE_ROOT; };
		AB82527855E187ABBAB1683C /* juce_graphics */ /* juce_graphics */ = {isa = PBXFileReference; lastKnownFileType = folder; name = juce_graphics; path = "~/JUCE/modules/juce_graphics"; sourceTree = "<absolute>"; };
		AD7C5ABF9A7A1CB222EFB40F /* AudioSearchComponent.cpp */ /* AudioSearchComponent.cpp */ = {isa = PBXFileReference; lastKnownFileType = sourcecode.cpp.cpp; name = AudioSearchComponent.cpp; path = ../../Source/UI/AudioSearch/AudioSearchComponent.cpp; sourceTree = SOURCE_ROOT; };
		AE79C3C119CFA158B13346B4 /* include_juce_events.mm */ /* include_juce_events.mm */ = {isa = PBXFileReference; lastKnownFileType = sourcecode.cpp.objcpp; name = include_juce_events.mm; path = ../../JuceLibraryCode/include_juce_events.mm; sourceTree = SOURCE_ROOT; };
		B2CCBE73124352A45F659FDF /* PangMenuComponent.cpp */ /* PangMenuComponent.cpp */ = {isa = PBXFileReference; lastKnownFileType = sourcecode.cpp.cpp; name = PangMenuComponent.cpp; path = ../../Source/UI/Menu/PangMenuComponent.cpp; sourceTree = SOURCE_ROOT; };
		BCF2952BB8A8AC4013E69580 /* TranslateHelper.cpp */ /* TranslateHelper.cpp */ = {isa = PBXFileReference; lastKnownFileType = sourcecode.cpp.cpp; name = TranslateHelper.cpp; path = ../../Source/Utilities/TranslateHelper.cpp; sourceTree = SOURCE_ROOT; };
		BD0A16B67F2EB3826DFB889A /* JuceHeader.h */ /* JuceHeader.h */ = {isa = PBXFileReference; lastKnownFileType = sourcecode.c.h; name = JuceHeader.h; path = ../../JuceLibraryCode/JuceHeader.h; sourceTree = SOURCE_ROOT; };
		BEB8F9F64DAC7515AF34FD1D /* include_juce_core.mm */ /* include_juce_core.mm */ = {isa = PBXFileReference; lastKnownFileType = sourcecode.cpp.objcpp; name = include_juce_core.mm; path = ../../JuceLibraryCode/include_juce_core.mm; sourceTree = SOURCE_ROOT; };
		BFA7F71FD51C5B9F98191445 /* FxDB.cpp */ /* FxDB.cpp */ = {isa = PBXFileReference; lastKnownFileType = sourcecode.cpp.cpp; name = FxDB.cpp; path = ../../Source/Module/FxDB.cpp; sourceTree = SOURCE_ROOT; };
		CB364443CDCFE2343375AB43 /* include_juce_gui_basics.mm */ /* include_juce_gui_basics.mm */ = {isa = PBXFileReference; lastKnownFileType = sourcecode.cpp.objcpp; name = include_juce_gui_basics.mm; path = ../../JuceLibraryCode/include_juce_gui_basics.mm; sourceTree = SOURCE_ROOT; };
		D55A5AE4F679477CEFD271AF /* AudioCoverComponent.cpp */ /* AudioCoverComponent.cpp */ = {isa = PBXFileReference; lastKnownFileType = sourcecode.cpp.cpp; name = AudioCoverComponent.cpp; path = ../../Source/UI/AudioPlayer/AudioCoverComponent.cpp; sourceTree = SOURCE_ROOT; };
		D7DBA01F45F720A269E713CC /* juce_gui_extra */ /* juce_gui_extra */ = {isa = PBXFileReference; lastKnownFileType = folder; name = juce_gui_extra; path = "~/JUCE/modules/juce_gui_extra"; sourceTree = "<absolute>"; };
		D81DABD6A2B8913D5A82800B /* include_juce_graphics.mm */ /* include_juce_graphics.mm */ = {isa = PBXFileReference; lastKnownFileType = sourcecode.cpp.objcpp; name = include_juce_graphics.mm; path = ../../JuceLibraryCode/include_juce_graphics.mm; sourceTree = SOURCE_ROOT; };
		D9DE6C239855BEE57EFBB7EC /* CoreAudio.framework */ /* CoreAudio.framework */ = {isa = PBXFileReference; lastKnownFileType = wrapper.framework; name = CoreAudio.framework; path = System/Library/Frameworks/CoreAudio.framework; sourceTree = SDKROOT; };
		DAC55025746E0788FF725578 /* App */ = {isa = PBXFileReference; explicitFileType = wrapper.application; includeInIndex = 0; path = "PangUni-d.app"; sourceTree = BUILT_PRODUCTS_DIR; };
		DB2811B6D92435730B87C070 /* PangMenuComponent.h */ /* PangMenuComponent.h */ = {isa = PBXFileReference; lastKnownFileType = sourcecode.c.h; name = PangMenuComponent.h; path = ../../Source/UI/Menu/PangMenuComponent.h; sourceTree = SOURCE_ROOT; };
		DF162C875EB47EDBC41A8242 /* BaiduAI.h */ /* BaiduAI.h */ = {isa = PBXFileReference; lastKnownFileType = sourcecode.c.h; name = BaiduAI.h; path = ../../Source/Utilities/BaiduAI/BaiduAI.h; sourceTree = SOURCE_ROOT; };
		E119F33FBE920D3A84E92F4A /* RegionSpotter.cpp */ /* RegionSpotter.cpp */ = {isa = PBXFileReference; lastKnownFileType = sourcecode.cpp.cpp; name = RegionSpotter.cpp; path = ../../Source/Utilities/SpotToDAW/ProTools/RegionSpotter.cpp; sourceTree = SOURCE_ROOT; };
		E1ECDBE35219BC5ACE6849FE /* AudioExportComponent.cpp */ /* AudioExportComponent.cpp */ = {isa = PBXFileReference; lastKnownFileType = sourcecode.cpp.cpp; name = AudioExportComponent.cpp; path = ../../Source/UI/AudioPlayer/AudioExportComponent.cpp; sourceTree = SOURCE_ROOT; };
		E2DC2A8EA45A6F12A85EAFC9 /* SystemSettingsHelper.cpp */ /* SystemSettingsHelper.cpp */ = {isa = PBXFileReference; lastKnownFileType = sourcecode.cpp.cpp; name = SystemSettingsHelper.cpp; path = ../../Source/Utilities/SystemSettingsHelper.cpp; sourceTree = SOURCE_ROOT; };
		E5A9B154534A25C078F57E91 /* AudioExportComponent.h */ /* AudioExportComponent.h */ = {isa = PBXFileReference; lastKnownFileType = sourcecode.c.h; name = AudioExportComponent.h; path = ../../Source/UI/AudioPlayer/AudioExportComponent.h; sourceTree = SOURCE_ROOT; };
		E714D2DCA4ABA5B941B35123 /* Carbon.framework */ /* Carbon.framework */ = {isa = PBXFileReference; lastKnownFileType = wrapper.framework; name = Carbon.framework; path = System/Library/Frameworks/Carbon.framework; sourceTree = SDKROOT; };
		E9C892635FB81F73F49E24F8 /* Fx.cpp */ /* Fx.cpp */ = {isa = PBXFileReference; lastKnownFileType = sourcecode.cpp.cpp; name = Fx.cpp; path = ../../Source/Module/Fx.cpp; sourceTree = SOURCE_ROOT; };
		ECBFDA4ECE71EFC126CA906A /* IOKit.framework */ /* IOKit.framework */ = {isa = PBXFileReference; lastKnownFileType = wrapper.framework; name = IOKit.framework; path = System/Library/Frameworks/IOKit.framework; sourceTree = SDKROOT; };
		F3FEA4D1D63400ABFFD728CA /* Fx.h */ /* Fx.h */ = {isa = PBXFileReference; lastKnownFileType = sourcecode.c.h; name = Fx.h; path = ../../Source/Module/Fx.h; sourceTree = SOURCE_ROOT; };
		F87E1C7F4ACCAE298195F8DD /* include_juce_data_structures.mm */ /* include_juce_data_structures.mm */ = {isa = PBXFileReference; lastKnownFileType = sourcecode.cpp.objcpp; name = include_juce_data_structures.mm; path = ../../JuceLibraryCode/include_juce_data_structures.mm; sourceTree = SOURCE_ROOT; };
		FCC41260B9E101B194B600D2 /* AudioSearchComponent.h */ /* AudioSearchComponent.h */ = {isa = PBXFileReference; lastKnownFileType = sourcecode.c.h; name = AudioSearchComponent.h; path = ../../Source/UI/AudioSearch/AudioSearchComponent.h; sourceTree = SOURCE_ROOT; };
		FD407C64725715B9B03EAEF0 /* juce_audio_utils */ /* juce_audio_utils */ = {isa = PBXFileReference; lastKnownFileType = folder; name = juce_audio_utils; path = "~/JUCE/modules/juce_audio_utils"; sourceTree = "<absolute>"; };
		FD5BC159871C1E1F301B38D2 /* FxInfo.cpp */ /* FxInfo.cpp */ = {isa = PBXFileReference; lastKnownFileType = sourcecode.cpp.cpp; name = FxInfo.cpp; path = ../../Source/Module/FxInfo.cpp; sourceTree = SOURCE_ROOT; };
/* End PBXFileReference section */

/* Begin PBXFrameworksBuildPhase section */
		E8578CB92387071801BD123B = {
			isa = PBXFrameworksBuildPhase;
			buildActionMask = 2147483647;
			files = (
				8CBC235AC1D7065D152E0BF5,
				3CBC24B4066A2B7AACFF6DD6,
				A43DBFB335C21B6EC46D8CDC,
				877E0E58E277701CFBA7BC14,
				33B93ACFBE99D516B16B4042,
				6331CF8BC789D674BABD5FAF,
				1F2F1602569631E081A2846A,
				196BF60A2FE4E72A6B93C312,
				F6EDAF4310F9C8DFF86676B9,
				B701DA4E48CE1302F6FF8A5B,
				673E81E4D9EC82B3C02EB37D,
				5857657636C5DFE54B0F2B68,
			);
			runOnlyForDeploymentPostprocessing = 0;
		};
/* End PBXFrameworksBuildPhase section */

/* Begin PBXGroup section */
		123E427325EB2C36C4189E86 /* Frameworks */ = {
			isa = PBXGroup;
			children = (
				79025EC504E73DBDE38D2D63,
				59BDD7961E7BDDC43CBEA086,
				E714D2DCA4ABA5B941B35123,
				2D9EFEBAB6985F6C03A2F9BD,
				D9DE6C239855BEE57EFBB7EC,
				6AD6767296766D318E912886,
				8875EFA9455B860B80E4D7F0,
				3B08C7757A7F1804715181CA,
				6D73489A5CD33CFC8FDF2069,
				ECBFDA4ECE71EFC126CA906A,
				A321379B3E09F43AF6570D08,
				5912939FABDEAB6B193981F1,
			);
			name = Frameworks;
			sourceTree = "<group>";
		};
		1CC111331F96146B42DB9D36 /* JUCE Modules */ = {
			isa = PBXGroup;
			children = (
				861C41116C289326A0A54C8B,
				9FB4C9AEED5CBD2240A3D8B7,
				4A33004C9DBD40060A4C7B1E,
				9EB002FB092D78502A801989,
				FD407C64725715B9B03EAEF0,
				34B9DA4F86A1C88EEF65B2A1,
				596E3EAB1A5D2D6BF9083359,
				A4ADB1EF8B8B305E9DB2AA6E,
				AB82527855E187ABBAB1683C,
				019D65FC7BE3C73B2D9BF084,
				D7DBA01F45F720A269E713CC,
			);
			name = "JUCE Modules";
			sourceTree = "<group>";
		};
		274B74DA92000096A08E9F2C /* Source */ = {
			isa = PBXGroup;
			children = (
				3A63CB7BA7EA7E13625D6CA9,
			);
			name = Source;
			sourceTree = "<group>";
		};
		2B8C85417FEC4F8CDEF317E0 /* Module */ = {
			isa = PBXGroup;
			children = (
				E9C892635FB81F73F49E24F8,
				F3FEA4D1D63400ABFFD728CA,
				BFA7F71FD51C5B9F98191445,
				8481586A0A2443951ADD8968,
				FD5BC159871C1E1F301B38D2,
				6896EC5F29B3D5C42C579B52,
			);
			name = Module;
			sourceTree = "<group>";
		};
		38CFF2682AC0CBC70A2A409F /* BaiduAI */ = {
			isa = PBXGroup;
			children = (
				DF162C875EB47EDBC41A8242,
				72574DD15881C166D025C20F,
				84864B7BDDFE4BEB5E879023,
			);
			name = BaiduAI;
			sourceTree = "<group>";
		};
		3B047A6F59777BB8222F26F7 /* PangUni */ = {
			isa = PBXGroup;
			children = (
				2B8C85417FEC4F8CDEF317E0,
				274B74DA92000096A08E9F2C,
				4BDFC7F00B123A0DAB2B241F,
				D5465DF4E7A4449DF10C1DAC,
			);
			name = PangUni;
			sourceTree = "<group>";
		};
		3D67200108F74203FB20BDC8 /* Menu */ = {
			isa = PBXGroup;
			children = (
				918F3527C9DE95850933A2FC,
				21CE40BFFDF3C9F933068296,
				B2CCBE73124352A45F659FDF,
				DB2811B6D92435730B87C070,
			);
			name = Menu;
			sourceTree = "<group>";
		};
		4199495D77E413E3ED20D330 /* AudioPlayer */ = {
			isa = PBXGroup;
			children = (
				D55A5AE4F679477CEFD271AF,
				1C011785EA4997D885E2926F,
				E1ECDBE35219BC5ACE6849FE,
				E5A9B154534A25C078F57E91,
			);
			name = AudioPlayer;
			sourceTree = "<group>";
		};
		4BDFC7F00B123A0DAB2B241F /* UI */ = {
			isa = PBXGroup;
			children = (
				4199495D77E413E3ED20D330,
				6D335F2B1D858FFABBB9A514,
				3D67200108F74203FB20BDC8,
				A5E5A09E8D80C8223E898486,
				1CD3EFA2EF5F61309F8FB3EF,
			);
			name = UI;
			sourceTree = "<group>";
		};
		6D335F2B1D858FFABBB9A514 /* AudioSearch */ = {
			isa = PBXGroup;
			children = (
				AD7C5ABF9A7A1CB222EFB40F,
				FCC41260B9E101B194B600D2,
				4AE7ACB4393182D1D2E3CAEC,
				0877FC1B42487820E6454401,
			);
			name = AudioSearch;
			sourceTree = "<group>";
		};
		722288DFC5C0B1300D6EABF7 /* Source */ = {
			isa = PBXGroup;
			children = (
				3B047A6F59777BB8222F26F7,
				1CC111331F96146B42DB9D36,
				D6E58EB8D8D872709B9C1DE0,
				93F027BDD953A76455CE0B62,
				123E427325EB2C36C4189E86,
				905CB75292FD77DACE3EF0CD,
			);
			name = Source;
			sourceTree = "<group>";
		};
		905CB75292FD77DACE3EF0CD /* Products */ = {
			isa = PBXGroup;
			children = (
				DAC55025746E0788FF725578,
			);
			name = Products;
			sourceTree = "<group>";
		};
		93F027BDD953A76455CE0B62 /* Resources */ = {
			isa = PBXGroup;
			children = (
				2B91CE7A28D1C8467361A240,
				25D18B19BF0B7C4CF539AAF8,
			);
			name = Resources;
			sourceTree = "<group>";
		};
		AF67D7A44655FBFE8C1F5CC3 /* ProTools */ = {
			isa = PBXGroup;
			children = (
				E119F33FBE920D3A84E92F4A,
				4FC8EFF259F3349AD9A4A5C8,
			);
			name = ProTools;
			sourceTree = "<group>";
		};
		D268787FE16D32BC6D01C5DF /* SpotToDAW */ = {
			isa = PBXGroup;
			children = (
				AF67D7A44655FBFE8C1F5CC3,
			);
			name = SpotToDAW;
			sourceTree = "<group>";
		};
		D5465DF4E7A4449DF10C1DAC /* Utilities */ = {
			isa = PBXGroup;
			children = (
				38CFF2682AC0CBC70A2A409F,
				D268787FE16D32BC6D01C5DF,
				088E7B3DC5D333B1CBC919D8,
				955791BD7BA8EB003D4BAE79,
				E2DC2A8EA45A6F12A85EAFC9,
				270D13955D0F66DB25C6FFAB,
				BCF2952BB8A8AC4013E69580,
				84079CE895A7A9459720A67E,
			);
			name = Utilities;
			sourceTree = "<group>";
		};
		D6E58EB8D8D872709B9C1DE0 /* JUCE Library Code */ = {
			isa = PBXGroup;
			children = (
				43967A4178D102704EDF77D9,
				360B0412572A0F1D27AEF963,
				12470C67996691EF1E7C3CCF,
				8767E6E4FAE0BE29E8532933,
				77798EA5E26DA7A3639A3CE6,
				BEB8F9F64DAC7515AF34FD1D,
				F87E1C7F4ACCAE298195F8DD,
				AE79C3C119CFA158B13346B4,
				D81DABD6A2B8913D5A82800B,
				CB364443CDCFE2343375AB43,
				5FDB28D016639363E58E67CB,
				BD0A16B67F2EB3826DFB889A,
			);
			name = "JUCE Library Code";
			sourceTree = "<group>";
		};
/* End PBXGroup section */

/* Begin PBXNativeTarget section */
		BE83A1699EB08E7660B6409A /* PangUni - App */ = {
			isa = PBXNativeTarget;
			buildConfigurationList = E794B17160E8311EBB0CA112;
			buildPhases = (
				EA8CE32A2DD9A5120B15C47B,
				B245B76D74267B5E9B35DFC3,
				E8578CB92387071801BD123B,
			);
			buildRules = (
			);
			dependencies = (
			);
			name = "PangUni - App";
			productName = PangUni;
			productReference = DAC55025746E0788FF725578;
			productType = "com.apple.product-type.application";
		};
/* End PBXNativeTarget section */

/* Begin PBXProject section */
		4E651A56021B8F7650AE1E23 = {
			isa = PBXProject;
			attributes = {
				LastUpgradeCheck = 1320;
				ORGANIZATIONNAME = "";
				TargetAttributes = {
					BE83A1699EB08E7660B6409A = {
						SystemCapabilities = {
							com.apple.ApplicationGroups.iOS = {
								enabled = 0;
							};
							com.apple.HardenedRuntime = {
								enabled = 1;
							};
							com.apple.InAppPurchase = {
								enabled = 0;
							};
							com.apple.InterAppAudio = {
								enabled = 0;
							};
							com.apple.Push = {
								enabled = 0;
							};
							com.apple.Sandbox = {
								enabled = 0;
							};
						};
					};
				};
			};
			buildConfigurationList = 8DC2D8867E8275B134DB2051;
			compatibilityVersion = "Xcode 3.2";
			hasScannedForEncodings = 0;
			knownRegions = (
				en,
				Base,
			);
			mainGroup = 722288DFC5C0B1300D6EABF7;
			projectDirPath = "";
			projectRoot = "";
			targets = (
				BE83A1699EB08E7660B6409A,
			);
		};
/* End PBXProject section */

/* Begin PBXResourcesBuildPhase section */
		EA8CE32A2DD9A5120B15C47B = {
			isa = PBXResourcesBuildPhase;
			buildActionMask = 2147483647;
			files = (
				8D4C562B5E9D0313B8DEC916,
			);
			runOnlyForDeploymentPostprocessing = 0;
		};
/* End PBXResourcesBuildPhase section */

/* Begin PBXSourcesBuildPhase section */
		B245B76D74267B5E9B35DFC3 = {
			isa = PBXSourcesBuildPhase;
			buildActionMask = 2147483647;
			files = (
				D1C21EEA8B23E20AC54B617B,
				4F77123A9AE72801685A3035,
				024F515F890E6BC8279D466A,
				97429AAB02E6D5B6B290C8AC,
				596E6DF779F19A8FDA619EFD,
				EB0EBE18A7BB093027C51358,
				DFA3492FAC9517A7A0393A52,
				184107D9A2164A4AD05963D5,
				C9B6ACBCC301F694F9BC9EB8,
				C7367AB6CAD131F017D12504,
				67C2834DD74072694423E480,
				305373C73CE2C9CA3DFA1A0C,
				12ED92050CC2AAE68F0E7AC8,
				93D0EC7195AB3DA0E46C3E6A,
				5B05BAF2674B131479D1BDCD,
				C75C4E6F57FA1238583139A6,
				D3F4F4C5FA9EB241DE4570BF,
				FB100390B099DEDD852FE9D9,
				24B44DDE4EFEB84F8A51B101,
				700E73A16D49DAB135E7648A,
				24CE6F5172E92686EF1DF05A,
				8D0F737E29F1605005A69B1D,
				CB78563BE70EFA64AFCA6C98,
				63403B2B2BD516C8E4B679DB,
				BC440386185C0FB27B7FE335,
				E9CD1E120CFC9B4855BDC6B5,
				72CD30AE944DBA4E505D9B62,
			);
			runOnlyForDeploymentPostprocessing = 0;
		};
/* End PBXSourcesBuildPhase section */

/* Begin XCBuildConfiguration section */
		72B84A8B5FF6E2A0EED98751 /* Debug */ = {
			isa = XCBuildConfiguration;
			buildSettings = {
				CLANG_CXX_LANGUAGE_STANDARD = "c++14";
				CLANG_CXX_LIBRARY = "libc++";
				CLANG_LINK_OBJC_RUNTIME = NO;
				CODE_SIGN_ENTITLEMENTS = "App.entitlements";
				CODE_SIGN_IDENTITY = "";
				COMBINE_HIDPI_IMAGES = YES;
				CONFIGURATION_BUILD_DIR = "$(PROJECT_DIR)/build/$(CONFIGURATION)";
				COPY_PHASE_STRIP = NO;
				ENABLE_HARDENED_RUNTIME = YES;
				EXCLUDED_ARCHS = "";
				GCC_DYNAMIC_NO_PIC = NO;
				GCC_OPTIMIZATION_LEVEL = 0;
				GCC_PREPROCESSOR_DEFINITIONS = (
					"_DEBUG=1",
					"DEBUG=1",
					"JUCE_DISPLAY_SPLASH_SCREEN=1",
					"JUCE_USE_DARK_SPLASH_SCREEN=1",
					"JUCE_PROJUCER_VERSION=0x60104",
					"JUCE_MODULE_AVAILABLE_juce_audio_basics=1",
					"JUCE_MODULE_AVAILABLE_juce_audio_devices=1",
					"JUCE_MODULE_AVAILABLE_juce_audio_formats=1",
					"JUCE_MODULE_AVAILABLE_juce_audio_processors=1",
					"JUCE_MODULE_AVAILABLE_juce_audio_utils=1",
					"JUCE_MODULE_AVAILABLE_juce_core=1",
					"JUCE_MODULE_AVAILABLE_juce_data_structures=1",
					"JUCE_MODULE_AVAILABLE_juce_events=1",
					"JUCE_MODULE_AVAILABLE_juce_graphics=1",
					"JUCE_MODULE_AVAILABLE_juce_gui_basics=1",
					"JUCE_MODULE_AVAILABLE_juce_gui_extra=1",
					"JUCE_GLOBAL_MODULE_SETTINGS_INCLUDED=1",
					"JUCE_STRICT_REFCOUNTEDPOINTER=1",
					"JUCE_STANDALONE_APPLICATION=1",
					"JUCER_XCODE_MAC_F6D2F4CF=1",
					"JUCE_APP_VERSION=1.0.0",
					"JUCE_APP_VERSION_HEX=0x10000",
					"JucePlugin_Build_VST=0",
					"JucePlugin_Build_VST3=0",
					"JucePlugin_Build_AU=0",
					"JucePlugin_Build_AUv3=0",
					"JucePlugin_Build_RTAS=0",
					"JucePlugin_Build_AAX=0",
					"JucePlugin_Build_Standalone=0",
					"JucePlugin_Build_Unity=0",
				);
				GCC_VERSION = com.apple.compilers.llvm.clang.1_0;
				HEADER_SEARCH_PATHS = (
					"$(SRCROOT)/../../JuceLibraryCode",
					"$(HOME)/JUCE/modules",
					"/Users/yangcan/vcpkg/installed/x64-osx/include",
					"$(inherited)",
				);
				INFOPLIST_FILE = Info-App.plist;
				INFOPLIST_PREPROCESS = NO;
				INSTALL_PATH = "$(HOME)/Applications";
				LIBRARY_SEARCH_PATHS = (
					"$(inherited)",
					"\"/Users/yangcan/vcpkg/installed/x64-osx/debug/lib\"",
				);
				MACOSX_DEPLOYMENT_TARGET = 10.11;
				MTL_HEADER_SEARCH_PATHS = "$(SRCROOT)/../../JuceLibraryCode $(HOME)/JUCE/modules /Users/yangcan/vcpkg/installed/x64-osx/include";
				OTHER_LDFLAGS = "-lcurl -ljsoncpp";
				PRODUCT_BUNDLE_IDENTIFIER = com.yourcompany.PangUni;
				PRODUCT_NAME = "PangUni-d";
				USE_HEADERMAP = NO;
				VALID_ARCHS = "arm64 arm64e i386 x86_64";
			};
			name = Debug;
		};
		7D613513E1FB2FA842F0E49E /* Debug */ = {
			isa = XCBuildConfiguration;
			buildSettings = {
				ALWAYS_SEARCH_USER_PATHS = NO;
				CLANG_ENABLE_OBJC_WEAK = YES;
				CLANG_WARN_BLOCK_CAPTURE_AUTORELEASING = YES;
				CLANG_WARN_BOOL_CONVERSION = YES;
				CLANG_WARN_COMMA = YES;
				CLANG_WARN_CONSTANT_CONVERSION = YES;
				CLANG_WARN_DEPRECATED_OBJC_IMPLEMENTATIONS = YES;
				CLANG_WARN_EMPTY_BODY = YES;
				CLANG_WARN_ENUM_CONVERSION = YES;
				CLANG_WARN_INFINITE_RECURSION = YES;
				CLANG_WARN_INT_CONVERSION = YES;
				CLANG_WARN_NON_LITERAL_NULL_CONVERSION = YES;
				CLANG_WARN_OBJC_IMPLICIT_RETAIN_SELF = YES;
				CLANG_WARN_OBJC_LITERAL_CONVERSION = YES;
				CLANG_WARN_RANGE_LOOP_ANALYSIS = YES;
				CLANG_WARN_STRICT_PROTOTYPES = YES;
				CLANG_WARN_SUSPICIOUS_MOVE = YES;
				CLANG_WARN_UNREACHABLE_CODE = YES;
				CLANG_WARN__DUPLICATE_METHOD_MATCH = YES;
				CODE_SIGN_IDENTITY = "";
				DEBUG_INFORMATION_FORMAT = dwarf;
				ENABLE_STRICT_OBJC_MSGSEND = YES;
				ENABLE_TESTABILITY = NO;
				GCC_C_LANGUAGE_STANDARD = c11;
				GCC_INLINES_ARE_PRIVATE_EXTERN = YES;
				GCC_MODEL_TUNING = G5;
				GCC_NO_COMMON_BLOCKS = YES;
				GCC_SYMBOLS_PRIVATE_EXTERN = YES;
				GCC_WARN_64_TO_32_BIT_CONVERSION = YES;
				GCC_WARN_ABOUT_RETURN_TYPE = YES;
				GCC_WARN_CHECK_SWITCH_STATEMENTS = YES;
				GCC_WARN_MISSING_PARENTHESES = YES;
				GCC_WARN_NON_VIRTUAL_DESTRUCTOR = YES;
				GCC_WARN_TYPECHECK_CALLS_TO_PRINTF = YES;
				GCC_WARN_UNDECLARED_SELECTOR = YES;
				GCC_WARN_UNINITIALIZED_AUTOS = YES;
				GCC_WARN_UNUSED_FUNCTION = YES;
				GCC_WARN_UNUSED_VARIABLE = YES;
				ONLY_ACTIVE_ARCH = YES;
				PRODUCT_NAME = "PangUni-d";
				SDKROOT = macosx;
				WARNING_CFLAGS = "-Wreorder";
				ZERO_LINK = NO;
			};
			name = Debug;
		};
		9155D2EA4FCA2E12F40D9140 /* Release */ = {
			isa = XCBuildConfiguration;
			buildSettings = {
				CLANG_CXX_LANGUAGE_STANDARD = "c++14";
				CLANG_CXX_LIBRARY = "libc++";
				CLANG_LINK_OBJC_RUNTIME = NO;
				CODE_SIGN_ENTITLEMENTS = "App.entitlements";
				CODE_SIGN_IDENTITY = "";
				COMBINE_HIDPI_IMAGES = YES;
				CONFIGURATION_BUILD_DIR = "$(PROJECT_DIR)/build/$(CONFIGURATION)";
				DEAD_CODE_STRIPPING = YES;
				ENABLE_HARDENED_RUNTIME = YES;
				EXCLUDED_ARCHS = "";
				GCC_GENERATE_DEBUGGING_SYMBOLS = NO;
				GCC_OPTIMIZATION_LEVEL = 3;
				GCC_PREPROCESSOR_DEFINITIONS = (
					"_NDEBUG=1",
					"NDEBUG=1",
					"JUCE_DISPLAY_SPLASH_SCREEN=1",
					"JUCE_USE_DARK_SPLASH_SCREEN=1",
					"JUCE_PROJUCER_VERSION=0x60104",
					"JUCE_MODULE_AVAILABLE_juce_audio_basics=1",
					"JUCE_MODULE_AVAILABLE_juce_audio_devices=1",
					"JUCE_MODULE_AVAILABLE_juce_audio_formats=1",
					"JUCE_MODULE_AVAILABLE_juce_audio_processors=1",
					"JUCE_MODULE_AVAILABLE_juce_audio_utils=1",
					"JUCE_MODULE_AVAILABLE_juce_core=1",
					"JUCE_MODULE_AVAILABLE_juce_data_structures=1",
					"JUCE_MODULE_AVAILABLE_juce_events=1",
					"JUCE_MODULE_AVAILABLE_juce_graphics=1",
					"JUCE_MODULE_AVAILABLE_juce_gui_basics=1",
					"JUCE_MODULE_AVAILABLE_juce_gui_extra=1",
					"JUCE_GLOBAL_MODULE_SETTINGS_INCLUDED=1",
					"JUCE_STRICT_REFCOUNTEDPOINTER=1",
					"JUCE_STANDALONE_APPLICATION=1",
					"JUCER_XCODE_MAC_F6D2F4CF=1",
					"JUCE_APP_VERSION=1.0.0",
					"JUCE_APP_VERSION_HEX=0x10000",
					"JucePlugin_Build_VST=0",
					"JucePlugin_Build_VST3=0",
					"JucePlugin_Build_AU=0",
					"JucePlugin_Build_AUv3=0",
					"JucePlugin_Build_RTAS=0",
					"JucePlugin_Build_AAX=0",
					"JucePlugin_Build_Standalone=0",
					"JucePlugin_Build_Unity=0",
				);
				GCC_VERSION = com.apple.compilers.llvm.clang.1_0;
				HEADER_SEARCH_PATHS = (
					"$(SRCROOT)/../../JuceLibraryCode",
					"$(HOME)/JUCE/modules",
					"/Users/yangcan/vcpkg/installed/x64-osx/include",
					"$(inherited)",
				);
				INFOPLIST_FILE = Info-App.plist;
				INFOPLIST_PREPROCESS = NO;
				INSTALL_PATH = "$(HOME)/Applications";
				LIBRARY_SEARCH_PATHS = (
					"$(inherited)",
					"\"/Users/yangcan/vcpkg/installed/x64-osx/lib\"",
				);
				LLVM_LTO = YES;
				MACOSX_DEPLOYMENT_TARGET = 10.11;
				MTL_HEADER_SEARCH_PATHS = "$(SRCROOT)/../../JuceLibraryCode $(HOME)/JUCE/modules /Users/yangcan/vcpkg/installed/x64-osx/include";
				OTHER_LDFLAGS = "-lcurl -ljsoncpp";
				PRODUCT_BUNDLE_IDENTIFIER = com.yourcompany.PangUni;
				PRODUCT_NAME = "PangUni-r";
				USE_HEADERMAP = NO;
				VALID_ARCHS = "arm64 arm64e i386 x86_64";
			};
			name = Release;
		};
		EDE872C319C9B1ED9261107E /* Release */ = {
			isa = XCBuildConfiguration;
			buildSettings = {
				ALWAYS_SEARCH_USER_PATHS = NO;
				CLANG_ENABLE_OBJC_WEAK = YES;
				CLANG_WARN_BLOCK_CAPTURE_AUTORELEASING = YES;
				CLANG_WARN_BOOL_CONVERSION = YES;
				CLANG_WARN_COMMA = YES;
				CLANG_WARN_CONSTANT_CONVERSION = YES;
				CLANG_WARN_DEPRECATED_OBJC_IMPLEMENTATIONS = YES;
				CLANG_WARN_EMPTY_BODY = YES;
				CLANG_WARN_ENUM_CONVERSION = YES;
				CLANG_WARN_INFINITE_RECURSION = YES;
				CLANG_WARN_INT_CONVERSION = YES;
				CLANG_WARN_NON_LITERAL_NULL_CONVERSION = YES;
				CLANG_WARN_OBJC_IMPLICIT_RETAIN_SELF = YES;
				CLANG_WARN_OBJC_LITERAL_CONVERSION = YES;
				CLANG_WARN_RANGE_LOOP_ANALYSIS = YES;
				CLANG_WARN_STRICT_PROTOTYPES = YES;
				CLANG_WARN_SUSPICIOUS_MOVE = YES;
				CLANG_WARN_UNREACHABLE_CODE = YES;
				CLANG_WARN__DUPLICATE_METHOD_MATCH = YES;
				CODE_SIGN_IDENTITY = "";
				DEBUG_INFORMATION_FORMAT = dwarf;
				ENABLE_STRICT_OBJC_MSGSEND = YES;
				ENABLE_TESTABILITY = NO;
				GCC_C_LANGUAGE_STANDARD = c11;
				GCC_INLINES_ARE_PRIVATE_EXTERN = YES;
				GCC_MODEL_TUNING = G5;
				GCC_NO_COMMON_BLOCKS = YES;
				GCC_SYMBOLS_PRIVATE_EXTERN = YES;
				GCC_WARN_64_TO_32_BIT_CONVERSION = YES;
				GCC_WARN_ABOUT_RETURN_TYPE = YES;
				GCC_WARN_CHECK_SWITCH_STATEMENTS = YES;
				GCC_WARN_MISSING_PARENTHESES = YES;
				GCC_WARN_NON_VIRTUAL_DESTRUCTOR = YES;
				GCC_WARN_TYPECHECK_CALLS_TO_PRINTF = YES;
				GCC_WARN_UNDECLARED_SELECTOR = YES;
				GCC_WARN_UNINITIALIZED_AUTOS = YES;
				GCC_WARN_UNUSED_FUNCTION = YES;
				GCC_WARN_UNUSED_VARIABLE = YES;
				PRODUCT_NAME = "PangUni-r";
				SDKROOT = macosx;
				WARNING_CFLAGS = "-Wreorder";
				ZERO_LINK = NO;
			};
			name = Release;
		};
/* End XCBuildConfiguration section */

/* Begin XCConfigurationList section */
		8DC2D8867E8275B134DB2051 = {
			isa = XCConfigurationList;
			buildConfigurations = (
				7D613513E1FB2FA842F0E49E,
				EDE872C319C9B1ED9261107E,
			);
			defaultConfigurationIsVisible = 0;
			defaultConfigurationName = Debug;
		};
		E794B17160E8311EBB0CA112 = {
			isa = XCConfigurationList;
			buildConfigurations = (
				72B84A8B5FF6E2A0EED98751,
				9155D2EA4FCA2E12F40D9140,
			);
			defaultConfigurationIsVisible = 0;
			defaultConfigurationName = Debug;
		};
/* End XCConfigurationList section */
	};
	rootObject = 4E651A56021B8F7650AE1E23 /* Project object */;
}
