Microsoft Visual Studio Solution File, Format Version 11.00
# Visual Studio 2019

Project("{8BC9CEB8-8B4A-11D0-8D11-00A0C91BC942}") = "PangApp - App", "PangApp_App.vcxproj", "{836E6677-0374-1932-7C04-F3CF8E5F7BEE}"
EndProject
Global
	GlobalSection(SolutionConfigurationPlatforms) = preSolution
		Debug|x64 = Debug|x64
		Release|x64 = Release|x64
	EndGlobalSection
	GlobalSection(ProjectConfigurationPlatforms) = postSolution
		{836E6677-0374-1932-7C04-F3CF8E5F7BEE}.Debug|x64.ActiveCfg = Debug|x64
		{836E6677-0374-1932-7C04-F3CF8E5F7BEE}.Debug|x64.Build.0 = Debug|x64
		{836E6677-0374-1932-7C04-F3CF8E5F7BEE}.Release|x64.ActiveCfg = Release|x64
		{836E6677-0374-1932-7C04-F3CF8E5F7BEE}.Release|x64.Build.0 = Release|x64
	EndGlobalSection
	GlobalSection(SolutionProperties) = preSolution
		HideSolutionNode = FALSE
	EndGlobalSection
EndGlobal
